{
  "name": "nativescript-ng2-carousel",
  "version": "0.0.6",
  "lockfileVersion": 1,
  "requires": true,
  "dependencies": {
    "@angular/core": {
      "version": "6.1.3",
      "resolved": "https://registry.npmjs.org/@angular/core/-/core-6.1.3.tgz",
      "integrity": "sha512-pqRfQphqIEExhDWM3RRusvLY6gFN0zdITC7TqQy6Wof6VKgWOvfHiHPbiamw4kpEzflMekuOeNm0s6h6hIUnWA==",
      "requires": {
        "tslib": "^1.9.0"
      }
    },
    "rxjs": {
      "version": "6.2.2",
      "resolved": "https://registry.npmjs.org/rxjs/-/rxjs-6.2.2.tgz",
      "integrity": "sha512-0MI8+mkKAXZUF9vMrEoPnaoHkfzBPP4IGwUYRJhIRJF6/w3uByO1e91bEHn8zd43RdkTMKiooYKmwz7RH6zfOQ==",
      "requires": {
        "tslib": "^1.9.0"
      }
    },
    "tns-core-modules": {
      "version": "4.2.0",
      "resolved": "https://registry.npmjs.org/tns-core-modules/-/tns-core-modules-4.2.0.tgz",
      "integrity": "sha512-tEbQfeXVp6i9RJAmC+erd63mr6NYw5nX/gzYDVb1Va52/Jdj9ZeGbXKAPyjVXZ3BGI6O9QM1jQUem/Ow6v5FqQ==",
      "requires": {
        "tns-core-modules-widgets": "4.2.0"
      }
    },
    "tns-core-modules-widgets": {
      "version": "4.2.0",
      "resolved": "https://registry.npmjs.org/tns-core-modules-widgets/-/tns-core-modules-widgets-4.2.0.tgz",
      "integrity": "sha512-0YlfWN1Wy2qFlnzwrwit910whA9TC9en1PxS/5Yx63lL9uXHyOB53C8POnKfM82YUFVPxifcpuYtCC7+DBXbag=="
    },
    "tslib": {
      "version": "1.9.3",
      "resolved": "https://registry.npmjs.org/tslib/-/tslib-1.9.3.tgz",
      "integrity": "sha512-4krF8scpejhaOgqzBEcGM7yDIEfi0/8+8zDRZhNZZ2kjmHJ4hv3zCbQWxoJGz1iw5U0Jl0nma13xzHXcncMavQ=="
    },
    "zone.js": {
      "version": "0.8.26",
      "resolved": "https://registry.npmjs.org/zone.js/-/zone.js-0.8.26.tgz",
      "integrity": "sha512-W9Nj+UmBJG251wkCacIkETgra4QgBo/vgoEkb4a2uoLzpQG7qF9nzwoLXWU5xj3Fg2mxGvEDh47mg24vXccYjA=="
    }
  }
}
